
Microsoft Visual Studio Solution File, Format Version 12.00
# Visual Studio 15
VisualStudioVersion = 15.0.28307.271
MinimumVisualStudioVersion = 10.0.40219.1
Project("{9A19103F-16F7-4668-BE54-9A1E7A4F7556}") = "GirlScoutCookieOrder", "GirlScoutCookieOrder\GirlScoutCookieOrder.csproj", "{B2BD7D40-AC75-4904-ADBE-F0CF7D8DFF90}"
EndProject
Project("{9A19103F-16F7-4668-BE54-9A1E7A4F7556}") = "GirlScoutCookieOrderTests", "GirlScoutCookieOrderTests\GirlScoutCookieOrderTests.csproj", "{F84F8E3D-4A05-409B-838C-02F90F95DDE7}"
EndProject
Global
	GlobalSection(SolutionConfigurationPlatforms) = preSolution
		Debug|Any CPU = Debug|Any CPU
		Release|Any CPU = Release|Any CPU
	EndGlobalSection
	GlobalSection(ProjectConfigurationPlatforms) = postSolution
		{B2BD7D40-AC75-4904-ADBE-F0CF7D8DFF90}.Debug|Any CPU.ActiveCfg = Debug|Any CPU
		{B2BD7D40-AC75-4904-ADBE-F0CF7D8DFF90}.Debug|Any CPU.Build.0 = Debug|Any CPU
		{B2BD7D40-AC75-4904-ADBE-F0CF7D8DFF90}.Release|Any CPU.ActiveCfg = Release|Any CPU
		{B2BD7D40-AC75-4904-ADBE-F0CF7D8DFF90}.Release|Any CPU.Build.0 = Release|Any CPU
		{F84F8E3D-4A05-409B-838C-02F90F95DDE7}.Debug|Any CPU.ActiveCfg = Debug|Any CPU
		{F84F8E3D-4A05-409B-838C-02F90F95DDE7}.Debug|Any CPU.Build.0 = Debug|Any CPU
		{F84F8E3D-4A05-409B-838C-02F90F95DDE7}.Release|Any CPU.ActiveCfg = Release|Any CPU
		{F84F8E3D-4A05-409B-838C-02F90F95DDE7}.Release|Any CPU.Build.0 = Release|Any CPU
	EndGlobalSection
	GlobalSection(SolutionProperties) = preSolution
		HideSolutionNode = FALSE
	EndGlobalSection
	GlobalSection(ExtensibilityGlobals) = postSolution
		SolutionGuid = {FBBD39F8-88CB-4D5E-B0F0-5659490794E9}
	EndGlobalSection
EndGlobal
